
Microsoft Visual Studio Solution File, Format Version 12.00
# Visual Studio Version 16
VisualStudioVersion = 16.0.29709.97
MinimumVisualStudioVersion = 10.0.40219.1
Project("{FAE04EC0-301F-11D3-BF4B-00C04F79EFBC}") = "OneDrivePhotoRenamer", "OneDrivePhotoRenamer\OneDrivePhotoRenamer.csproj", "{1EC18DBA-9FF7-4F7F-A550-3C7A3190D94C}"
EndProject
Global
	GlobalSection(SolutionConfigurationPlatforms) = preSolution
		Debug|Any CPU = Debug|Any CPU
		Release|Any CPU = Release|Any CPU
	EndGlobalSection
	GlobalSection(ProjectConfigurationPlatforms) = postSolution
		{1EC18DBA-9FF7-4F7F-A550-3C7A3190D94C}.Debug|Any CPU.ActiveCfg = Debug|Any CPU
		{1EC18DBA-9FF7-4F7F-A550-3C7A3190D94C}.Debug|Any CPU.Build.0 = Debug|Any CPU
		{1EC18DBA-9FF7-4F7F-A550-3C7A3190D94C}.Release|Any CPU.ActiveCfg = Release|Any CPU
		{1EC18DBA-9FF7-4F7F-A550-3C7A3190D94C}.Release|Any CPU.Build.0 = Release|Any CPU
	EndGlobalSection
	GlobalSection(SolutionProperties) = preSolution
		HideSolutionNode = FALSE
	EndGlobalSection
	GlobalSection(ExtensibilityGlobals) = postSolution
		SolutionGuid = {3D0F596D-F9E8-4828-B040-D19CE68AA680}
	EndGlobalSection
EndGlobal
